
Microsoft Visual Studio Solution File, Format Version 12.00
# Visual Studio 14
VisualStudioVersion = 14.0.25420.1
MinimumVisualStudioVersion = 10.0.40219.1
Project("{FAE04EC0-301F-11D3-BF4B-00C04F79EFBC}") = "ConsoleCalc", "ConsoleCalc\ConsoleCalc.csproj", "{6BE0C8C3-6FB3-4A01-A98B-6957F351F21E}"
EndProject
Project("{FAE04EC0-301F-11D3-BF4B-00C04F79EFBC}") = "ConsoleTest", "ConsoleTest\ConsoleTest.csproj", "{C15DABDF-3286-40A9-9D81-F2B75130607C}"
EndProject
Project("{FAE04EC0-301F-11D3-BF4B-00C04F79EFBC}") = "ItUniver.Calc.Core", "ItUniver.Calc.Core\ItUniver.Calc.Core.csproj", "{453942D1-0D28-46AF-A2F3-179622B17123}"
EndProject
Project("{FAE04EC0-301F-11D3-BF4B-00C04F79EFBC}") = "ItUniver.Calc.WinFormApp", "ItUniver.Calc.WinFormApp\ItUniver.Calc.WinFormApp.csproj", "{EEBDF04D-D0EA-4F91-9054-2A0947558B5C}"
EndProject
Project("{FAE04EC0-301F-11D3-BF4B-00C04F79EFBC}") = "ItUniver.Calc.DB", "ItUniver.Calc.DB\ItUniver.Calc.DB.csproj", "{51DD247C-87C3-4352-8921-FA4CFB941B61}"
EndProject
Project("{FAE04EC0-301F-11D3-BF4B-00C04F79EFBC}") = "ItUniver.Calc.WebCalc", "ItUniver.Calc.WebCalc\ItUniver.Calc.WebCalc.csproj", "{691A3E74-1BEA-4B89-9860-D4C145D07305}"
EndProject
Global
	GlobalSection(SolutionConfigurationPlatforms) = preSolution
		Debug|Any CPU = Debug|Any CPU
		Release|Any CPU = Release|Any CPU
	EndGlobalSection
	GlobalSection(ProjectConfigurationPlatforms) = postSolution
		{6BE0C8C3-6FB3-4A01-A98B-6957F351F21E}.Debug|Any CPU.ActiveCfg = Debug|Any CPU
		{6BE0C8C3-6FB3-4A01-A98B-6957F351F21E}.Debug|Any CPU.Build.0 = Debug|Any CPU
		{6BE0C8C3-6FB3-4A01-A98B-6957F351F21E}.Release|Any CPU.ActiveCfg = Release|Any CPU
		{6BE0C8C3-6FB3-4A01-A98B-6957F351F21E}.Release|Any CPU.Build.0 = Release|Any CPU
		{C15DABDF-3286-40A9-9D81-F2B75130607C}.Debug|Any CPU.ActiveCfg = Debug|Any CPU
		{C15DABDF-3286-40A9-9D81-F2B75130607C}.Debug|Any CPU.Build.0 = Debug|Any CPU
		{C15DABDF-3286-40A9-9D81-F2B75130607C}.Release|Any CPU.ActiveCfg = Release|Any CPU
		{C15DABDF-3286-40A9-9D81-F2B75130607C}.Release|Any CPU.Build.0 = Release|Any CPU
		{453942D1-0D28-46AF-A2F3-179622B17123}.Debug|Any CPU.ActiveCfg = Debug|Any CPU
		{453942D1-0D28-46AF-A2F3-179622B17123}.Debug|Any CPU.Build.0 = Debug|Any CPU
		{453942D1-0D28-46AF-A2F3-179622B17123}.Release|Any CPU.ActiveCfg = Release|Any CPU
		{453942D1-0D28-46AF-A2F3-179622B17123}.Release|Any CPU.Build.0 = Release|Any CPU
		{EEBDF04D-D0EA-4F91-9054-2A0947558B5C}.Debug|Any CPU.ActiveCfg = Debug|Any CPU
		{EEBDF04D-D0EA-4F91-9054-2A0947558B5C}.Debug|Any CPU.Build.0 = Debug|Any CPU
		{EEBDF04D-D0EA-4F91-9054-2A0947558B5C}.Release|Any CPU.ActiveCfg = Release|Any CPU
		{EEBDF04D-D0EA-4F91-9054-2A0947558B5C}.Release|Any CPU.Build.0 = Release|Any CPU
		{51DD247C-87C3-4352-8921-FA4CFB941B61}.Debug|Any CPU.ActiveCfg = Debug|Any CPU
		{51DD247C-87C3-4352-8921-FA4CFB941B61}.Debug|Any CPU.Build.0 = Debug|Any CPU
		{51DD247C-87C3-4352-8921-FA4CFB941B61}.Release|Any CPU.ActiveCfg = Release|Any CPU
		{51DD247C-87C3-4352-8921-FA4CFB941B61}.Release|Any CPU.Build.0 = Release|Any CPU
		{691A3E74-1BEA-4B89-9860-D4C145D07305}.Debug|Any CPU.ActiveCfg = Debug|Any CPU
		{691A3E74-1BEA-4B89-9860-D4C145D07305}.Debug|Any CPU.Build.0 = Debug|Any CPU
		{691A3E74-1BEA-4B89-9860-D4C145D07305}.Release|Any CPU.ActiveCfg = Release|Any CPU
		{691A3E74-1BEA-4B89-9860-D4C145D07305}.Release|Any CPU.Build.0 = Release|Any CPU
	EndGlobalSection
	GlobalSection(SolutionProperties) = preSolution
		HideSolutionNode = FALSE
	EndGlobalSection
EndGlobal
